
Microsoft Visual Studio Solution File, Format Version 12.00
# Visual Studio Version 17
VisualStudioVersion = 17.9.34310.174
MinimumVisualStudioVersion = 10.0.40219.1
Project("{FAE04EC0-301F-11D3-BF4B-00C04F79EFBC}") = "code", "code\code.csproj", "{87D5FB24-539D-4827-83A4-656BF7C67D26}"
EndProject
Project("{FAE04EC0-301F-11D3-BF4B-00C04F79EFBC}") = "test", "test\test.csproj", "{79F5A3C4-9FAB-4265-BF0E-8A95E2DAD5A0}"
EndProject
Global
	GlobalSection(SolutionConfigurationPlatforms) = preSolution
		Debug|Any CPU = Debug|Any CPU
		Release|Any CPU = Release|Any CPU
	EndGlobalSection
	GlobalSection(ProjectConfigurationPlatforms) = postSolution
		{87D5FB24-539D-4827-83A4-656BF7C67D26}.Debug|Any CPU.ActiveCfg = Debug|Any CPU
		{87D5FB24-539D-4827-83A4-656BF7C67D26}.Debug|Any CPU.Build.0 = Debug|Any CPU
		{87D5FB24-539D-4827-83A4-656BF7C67D26}.Release|Any CPU.ActiveCfg = Release|Any CPU
		{87D5FB24-539D-4827-83A4-656BF7C67D26}.Release|Any CPU.Build.0 = Release|Any CPU
		{79F5A3C4-9FAB-4265-BF0E-8A95E2DAD5A0}.Debug|Any CPU.ActiveCfg = Debug|Any CPU
		{79F5A3C4-9FAB-4265-BF0E-8A95E2DAD5A0}.Debug|Any CPU.Build.0 = Debug|Any CPU
		{79F5A3C4-9FAB-4265-BF0E-8A95E2DAD5A0}.Release|Any CPU.ActiveCfg = Release|Any CPU
		{79F5A3C4-9FAB-4265-BF0E-8A95E2DAD5A0}.Release|Any CPU.Build.0 = Release|Any CPU
	EndGlobalSection
	GlobalSection(SolutionProperties) = preSolution
		HideSolutionNode = FALSE
	EndGlobalSection
	GlobalSection(ExtensibilityGlobals) = postSolution
		SolutionGuid = {4A0DB01B-D74E-42CF-A9CB-1FAC32873F6C}
	EndGlobalSection
EndGlobal
